// !$*UTF8*$!
{
	archiveVersion = 1;
	classes = {
	};
	objectVersion = 46;
	objects = {
		647BF925C18ADA5CF53B1BC3 = {
			isa = PBXBuildFile;
			fileRef = 9D16ECC8BE82DEB985948EE9;
		};
		606FAD2F6E3D7F253D2A3461 = {
			isa = PBXBuildFile;
			fileRef = 3C7C283F5250C612283E388E;
		};
		63B3AD7B99CD51BCB93CC422 = {
			isa = PBXBuildFile;
			fileRef = 97B243D6606A0EAE98CADEA2;
		};
		4F6D92C07013943E516E1005 = {
			isa = PBXBuildFile;
			fileRef = 1ECDFA6884ECC72DD1463A9D;
		};
		B6BF39D28335E6415824CC80 = {
			isa = PBXBuildFile;
			fileRef = BEA050ACDABE276BE2CC89C9;
		};
		84A211BB99801BDD93FF0A88 = {
			isa = PBXBuildFile;
			fileRef = 65504579B9F22623CE96A46A;
		};
		B3CA3759B298A16DAF22CCC9 = {
			isa = PBXBuildFile;
			fileRef = B2E5A7F63904410C1A0B5EAE;
		};
		3849E629EF32B831EE1173DF = {
			isa = PBXBuildFile;
			fileRef = 64AD798E5BA2B392CC4DAEFB;
		};
		330DBDCFCD7B08374B969F3C = {
			isa = PBXBuildFile;
			fileRef = 69FB2BE3662CAD775BAB42AC;
		};
		709A867EE0039C5F03E882AB = {
			isa = PBXBuildFile;
			fileRef = B608CFBE798C17234BE137E2;
		};
		933113EA5B56482F717EF4FB = {
			isa = PBXBuildFile;
			fileRef = 9C7876C040AE7D3CBEA0B10C;
		};
		7C60E90CA9C0673AB4C72891 = {
			isa = PBXBuildFile;
			fileRef = 7DE0CDEF82841F4152943DDB;
		};
		4C33F39DD6AFC37882532362 = {
			isa = PBXBuildFile;
			fileRef = 644E8A31BA7C5E4138065845;
		};
		E257F60E8C6B1259A8131220 = {
			isa = PBXBuildFile;
			fileRef = 41D8487D436A3E3E5C1BD537;
		};
		54B9337BEE40DCB7F64FCEED = {
			isa = PBXBuildFile;
			fileRef = 50E58F4C592BE1E3CE46A1FA;
		};
		035B47457BA2FA19F29D3051 = {
			isa = PBXBuildFile;
			fileRef = 499610A20EFE3B6A102AFD34;
		};
		25D9FC265A0E3885656DACC9 = {
			isa = PBXBuildFile;
			fileRef = 786326AE357424981F20AE68;
		};
		8CB55536F13D15E47E337BD0 = {
			isa = PBXBuildFile;
			fileRef = 00FFB08F5FDB2990916ABD8D;
		};
		93F3588F310D02F72D260528 = {
			isa = PBXBuildFile;
			fileRef = 79891E8ED3CB2D81206B7346;
		};
		2449E33914AA4F23B8EB04B8 = {
			isa = PBXBuildFile;
			fileRef = 5B798B2EA13919CC8FD83A32;
		};
		836BB39EE94CA879B3F069C3 = {
			isa = PBXBuildFile;
			fileRef = 3F0835400FC7B16CA67FAB34;
		};
		195AA8EB848BCC7AB5D4B1E5 = {
			isa = PBXBuildFile;
			fileRef = E3D2FE9D8DAA0A4BF1A36C4E;
		};
		357994D751EFA5EF0C50BA06 = {
			isa = PBXBuildFile;
			fileRef = BE3400BE2D8D13DC188460CA;
		};
		F5A6F20A0F8E5181B5ACA106 = {
			isa = PBXBuildFile;
			fileRef = F1D87F15BC72FF2A0AC331CC;
		};
		4167D48566A4E9E17F27C233 = {
			isa = PBXBuildFile;
			fileRef = 7A1937261A20F51F5EEE9C26;
		};
		72C1AC05C26C2B2921D4B361 = {
			isa = PBXBuildFile;
			fileRef = 40255F6656985637EF84D44C;
		};
		0B464D093FB1846D4334D8F0 = {
			isa = PBXBuildFile;
			fileRef = E06425FF209232F57F3C244A;
		};
		AC1C8B397563301457087456 = {
			isa = PBXBuildFile;
			fileRef = 9D5521EA3ACF409CCBBFE96D;
		};
		BE9063CB6D8DCDFDE90EB8BD = {
			isa = PBXBuildFile;
			fileRef = 50F75BEB3A5FEC8A1BFCFB58;
		};
		83EDC4D10E4F06B48452A809 = {
			isa = PBXBuildFile;
			fileRef = 9F3DF461D0E0F726E4CF49D3;
		};
		A7CB0D45BE3FB55C5B40C1EC = {
			isa = PBXBuildFile;
			fileRef = 887B206DDDF943BD87613E64;
		};
		574E47B6D5A664CC24E60EB0 = {
			isa = PBXBuildFile;
			fileRef = D3DBE66D66286A5233973EEA;
		};
		09EA28AEFD6A5025E6BCB761 = {
			isa = PBXBuildFile;
			fileRef = F2FA2DD7F1AD07CA6F667736;
		};
		0F370AD65987D31011BB7611 = {
			isa = PBXBuildFile;
			fileRef = E3D97F88825A757D94290256;
		};
		AD789B505B5D2C7EADD84ECD = {
			isa = PBXBuildFile;
			fileRef = 3769640483D1CFC2671746FB;
		};
		5C13DDA23174053D6C9C3455 = {
			isa = PBXBuildFile;
			fileRef = 57521EC733A9B4476CDECC35;
		};
		AA635AFEBDEE34222D877013 = {
			isa = PBXBuildFile;
			fileRef = 207D71C074ABF1F4521CA9D4;
		};
		00FFB08F5FDB2990916ABD8D = {
			isa = PBXFileReference;
			lastKnownFileType = sourcecode.cpp.cpp;
			name = Main.cpp;
			path = ../../Source/Main.cpp;
			sourceTree = "SOURCE_ROOT";
		};
		07A76CE455BD1955484A264E = {
			isa = PBXFileReference;
			lastKnownFileType = file;
			name = "juce_graphics";
			path = "~/JUCE/modules/juce_graphics";
			sourceTree = "<absolute>";
		};
		207D71C074ABF1F4521CA9D4 = {
			isa = PBXFileReference;
			lastKnownFileType = sourcecode.cpp.objcpp;
			name = "include_juce_gui_extra.mm";
			path = "../../JuceLibraryCode/include_juce_gui_extra.mm";
			sourceTree = "SOURCE_ROOT";
		};
		20AC87E7C403F772453B91FF = {
			isa = PBXFileReference;
			lastKnownFileType = file;
			name = "juce_audio_utils";
			path = "~/JUCE/modules/juce_audio_utils";
			sourceTree = "<absolute>";
		};
		3769640483D1CFC2671746FB = {
			isa = PBXFileReference;
			lastKnownFileType = sourcecode.cpp.objcpp;
			name = "include_juce_graphics.mm";
			path = "../../JuceLibraryCode/include_juce_graphics.mm";
			sourceTree = "SOURCE_ROOT";
		};
		9D16ECC8BE82DEB985948EE9 = {
			isa = PBXFileReference;
			explicitFileType = wrapper.cfbundle;
			includeInIndex = 0;
			path = StringModel.vst3;
			sourceTree = "BUILT_PRODUCTS_DIR";
		};
		3C7C283F5250C612283E388E = {
			isa = PBXFileReference;
			explicitFileType = wrapper.cfbundle;
			includeInIndex = 0;
			path = StringModel.component;
			sourceTree = "BUILT_PRODUCTS_DIR";
		};
		3F0835400FC7B16CA67FAB34 = {
			isa = PBXFileReference;
			lastKnownFileType = sourcecode.cpp.objcpp;
			name = "include_juce_audio_formats.mm";
			path = "../../JuceLibraryCode/include_juce_audio_formats.mm";
			sourceTree = "SOURCE_ROOT";
		};
		40255F6656985637EF84D44C = {
			isa = PBXFileReference;
			lastKnownFileType = sourcecode.cpp.cpp;
			name = "include_juce_audio_plugin_client_utils.cpp";
			path = "../../JuceLibraryCode/include_juce_audio_plugin_client_utils.cpp";
			sourceTree = "SOURCE_ROOT";
		};
		41D8487D436A3E3E5C1BD537 = {
			isa = PBXFileReference;
			lastKnownFileType = wrapper.framework;
			name = IOKit.framework;
			path = System/Library/Frameworks/IOKit.framework;
			sourceTree = SDKROOT;
		};
		499610A20EFE3B6A102AFD34 = {
			isa = PBXFileReference;
			lastKnownFileType = wrapper.framework;
			name = WebKit.framework;
			path = System/Library/Frameworks/WebKit.framework;
			sourceTree = SDKROOT;
		};
		50E58F4C592BE1E3CE46A1FA = {
			isa = PBXFileReference;
			lastKnownFileType = wrapper.framework;
			name = QuartzCore.framework;
			path = System/Library/Frameworks/QuartzCore.framework;
			sourceTree = SDKROOT;
		};
		50F75BEB3A5FEC8A1BFCFB58 = {
			isa = PBXFileReference;
			lastKnownFileType = sourcecode.cpp.objcpp;
			name = "include_juce_audio_processors.mm";
			path = "../../JuceLibraryCode/include_juce_audio_processors.mm";
			sourceTree = "SOURCE_ROOT";
		};
		57521EC733A9B4476CDECC35 = {
			isa = PBXFileReference;
			lastKnownFileType = sourcecode.cpp.objcpp;
			name = "include_juce_gui_basics.mm";
			path = "../../JuceLibraryCode/include_juce_gui_basics.mm";
			sourceTree = "SOURCE_ROOT";
		};
		644E8A31BA7C5E4138065845 = {
			isa = PBXFileReference;
			lastKnownFileType = wrapper.framework;
			name = DiscRecording.framework;
			path = System/Library/Frameworks/DiscRecording.framework;
			sourceTree = SDKROOT;
		};
		64AD798E5BA2B392CC4DAEFB = {
			isa = PBXFileReference;
			lastKnownFileType = wrapper.framework;
			name = Carbon.framework;
			path = System/Library/Frameworks/Carbon.framework;
			sourceTree = SDKROOT;
		};
		65504579B9F22623CE96A46A = {
			isa = PBXFileReference;
			lastKnownFileType = wrapper.framework;
			name = Accelerate.framework;
			path = System/Library/Frameworks/Accelerate.framework;
			sourceTree = SDKROOT;
		};
		69FB2BE3662CAD775BAB42AC = {
			isa = PBXFileReference;
			lastKnownFileType = wrapper.framework;
			name = Cocoa.framework;
			path = System/Library/Frameworks/Cocoa.framework;
			sourceTree = SDKROOT;
		};
		786326AE357424981F20AE68 = {
			isa = PBXFileReference;
			lastKnownFileType = file.nib;
			name = RecentFilesMenuTemplate.nib;
			path = RecentFilesMenuTemplate.nib;
			sourceTree = "SOURCE_ROOT";
		};
		7AB5C34586E01A47B1FF1CFD = {
			isa = PBXFileReference;
			lastKnownFileType = text.plist.xml;
			name = "Info-AU.plist";
			path = "Info-AU.plist";
			sourceTree = "SOURCE_ROOT";
		};
		7DE0CDEF82841F4152943DDB = {
			isa = PBXFileReference;
			lastKnownFileType = wrapper.framework;
			name = CoreMIDI.framework;
			path = System/Library/Frameworks/CoreMIDI.framework;
			sourceTree = SDKROOT;
		};
		97B243D6606A0EAE98CADEA2 = {
			isa = PBXFileReference;
			explicitFileType = wrapper.application;
			includeInIndex = 0;
			path = StringModel.app;
			sourceTree = "BUILT_PRODUCTS_DIR";
		};
		1ECDFA6884ECC72DD1463A9D = {
			isa = PBXFileReference;
			explicitFileType = archive.ar;
			includeInIndex = 0;
			path = libStringModel.a;
			sourceTree = "BUILT_PRODUCTS_DIR";
		};
		23FAB7C49410123599E4005E = {
			isa = PBXFileReference;
			lastKnownFileType = file;
			name = "juce_dsp";
			path = "~/JUCE/modules/juce_dsp";
			sourceTree = "<absolute>";
		};
		47FE1588A5C4D7BD5D8C9CA4 = {
			isa = PBXFileReference;
			lastKnownFileType = file;
			name = "juce_gui_extra";
			path = "~/JUCE/modules/juce_gui_extra";
			sourceTree = "<absolute>";
		};
		5B798B2EA13919CC8FD83A32 = {
			isa = PBXFileReference;
			lastKnownFileType = sourcecode.cpp.objcpp;
			name = "include_juce_audio_devices.mm";
			path = "../../JuceLibraryCode/include_juce_audio_devices.mm";
			sourceTree = "SOURCE_ROOT";
		};
		79891E8ED3CB2D81206B7346 = {
			isa = PBXFileReference;
			lastKnownFileType = sourcecode.cpp.objcpp;
			name = "include_juce_audio_basics.mm";
			path = "../../JuceLibraryCode/include_juce_audio_basics.mm";
			sourceTree = "SOURCE_ROOT";
		};
		7A1937261A20F51F5EEE9C26 = {
			isa = PBXFileReference;
			lastKnownFileType = sourcecode.cpp.cpp;
			name = "include_juce_audio_plugin_client_Standalone.cpp";
			path = "../../JuceLibraryCode/include_juce_audio_plugin_client_Standalone.cpp";
			sourceTree = "SOURCE_ROOT";
		};
		887B206DDDF943BD87613E64 = {
			isa = PBXFileReference;
			lastKnownFileType = sourcecode.cpp.objcpp;
			name = "include_juce_core.mm";
			path = "../../JuceLibraryCode/include_juce_core.mm";
			sourceTree = "SOURCE_ROOT";
		};
		9C7876C040AE7D3CBEA0B10C = {
			isa = PBXFileReference;
			lastKnownFileType = wrapper.framework;
			name = CoreAudioKit.framework;
			path = System/Library/Frameworks/CoreAudioKit.framework;
			sourceTree = SDKROOT;
		};
		9D5521EA3ACF409CCBBFE96D = {
			isa = PBXFileReference;
			lastKnownFileType = sourcecode.cpp.cpp;
			name = "include_juce_audio_plugin_client_VST3.cpp";
			path = "../../JuceLibraryCode/include_juce_audio_plugin_client_VST3.cpp";
			sourceTree = "SOURCE_ROOT";
		};
		9F3DF461D0E0F726E4CF49D3 = {
			isa = PBXFileReference;
			lastKnownFileType = sourcecode.cpp.objcpp;
			name = "include_juce_audio_utils.mm";
			path = "../../JuceLibraryCode/include_juce_audio_utils.mm";
			sourceTree = "SOURCE_ROOT";
		};
		A4823E6A33722954687B4306 = {
			isa = PBXFileReference;
			lastKnownFileType = file;
			name = "juce_core";
			path = "~/JUCE/modules/juce_core";
			sourceTree = "<absolute>";
		};
		A75C474336F8CD887DB2F89B = {
			isa = PBXFileReference;
			lastKnownFileType = file;
			name = "juce_audio_processors";
			path = "~/JUCE/modules/juce_audio_processors";
			sourceTree = "<absolute>";
		};
		AB166392B643489C1904FA8E = {
			isa = PBXFileReference;
			lastKnownFileType = file;
			name = "juce_audio_plugin_client";
			path = "~/JUCE/modules/juce_audio_plugin_client";
			sourceTree = "<absolute>";
		};
		ACF2CF15EF37C586F5C04150 = {
			isa = PBXFileReference;
			lastKnownFileType = sourcecode.c.h;
			name = JuceHeader.h;
			path = ../../JuceLibraryCode/JuceHeader.h;
			sourceTree = "SOURCE_ROOT";
		};
		B2E5A7F63904410C1A0B5EAE = {
			isa = PBXFileReference;
			lastKnownFileType = wrapper.framework;
			name = AudioToolbox.framework;
			path = System/Library/Frameworks/AudioToolbox.framework;
			sourceTree = SDKROOT;
		};
		B4DAA84546F84C38F6275692 = {
			isa = PBXFileReference;
			lastKnownFileType = file;
			name = "juce_audio_basics";
			path = "~/JUCE/modules/juce_audio_basics";
			sourceTree = "<absolute>";
		};
		B608CFBE798C17234BE137E2 = {
			isa = PBXFileReference;
			lastKnownFileType = wrapper.framework;
			name = CoreAudio.framework;
			path = System/Library/Frameworks/CoreAudio.framework;
			sourceTree = SDKROOT;
		};
		B882D4E4FB744AF5C6F76ABF = {
			isa = PBXFileReference;
			lastKnownFileType = sourcecode.c.h;
			name = JucePluginDefines.h;
			path = ../../JuceLibraryCode/JucePluginDefines.h;
			sourceTree = "SOURCE_ROOT";
		};
		BE3400BE2D8D13DC188460CA = {
			isa = PBXFileReference;
			lastKnownFileType = sourcecode.cpp.objcpp;
			name = "include_juce_audio_plugin_client_AU_1.mm";
			path = "../../JuceLibraryCode/include_juce_audio_plugin_client_AU_1.mm";
			sourceTree = "SOURCE_ROOT";
		};
		BE8ED1B772087CAAA7AB5012 = {
			isa = PBXFileReference;
			lastKnownFileType = file;
			name = "juce_events";
			path = "~/JUCE/modules/juce_events";
			sourceTree = "<absolute>";
		};
		BEA050ACDABE276BE2CC89C9 = {
			isa = PBXFileReference;
			lastKnownFileType = wrapper.framework;
			name = AudioUnit.framework;
			path = System/Library/Frameworks/AudioUnit.framework;
			sourceTree = SDKROOT;
		};
		C982115AF2CE7E3BAE90BE45 = {
			isa = PBXFileReference;
			lastKnownFileType = file;
			name = "juce_gui_basics";
			path = "~/JUCE/modules/juce_gui_basics";
			sourceTree = "<absolute>";
		};
		D3DBE66D66286A5233973EEA = {
			isa = PBXFileReference;
			lastKnownFileType = sourcecode.cpp.objcpp;
			name = "include_juce_data_structures.mm";
			path = "../../JuceLibraryCode/include_juce_data_structures.mm";
			sourceTree = "SOURCE_ROOT";
		};
		D73E482454C322D894AD5803 = {
			isa = PBXFileReference;
			lastKnownFileType = file;
			name = "juce_audio_formats";
			path = "~/JUCE/modules/juce_audio_formats";
			sourceTree = "<absolute>";
		};
		E06425FF209232F57F3C244A = {
			isa = PBXFileReference;
			lastKnownFileType = sourcecode.cpp.objcpp;
			name = "include_juce_audio_plugin_client_VST_utils.mm";
			path = "../../JuceLibraryCode/include_juce_audio_plugin_client_VST_utils.mm";
			sourceTree = "SOURCE_ROOT";
		};
		E3D2FE9D8DAA0A4BF1A36C4E = {
			isa = PBXFileReference;
			lastKnownFileType = file.r;
			name = "include_juce_audio_plugin_client_AU.r";
			path = "../../JuceLibraryCode/include_juce_audio_plugin_client_AU.r";
			sourceTree = "SOURCE_ROOT";
		};
		E3D6CC58822F2BFFE6C9A7B2 = {
			isa = PBXFileReference;
			lastKnownFileType = sourcecode.c.h;
			name = StringModel.h;
			path = ../../Source/StringModel.h;
			sourceTree = "SOURCE_ROOT";
		};
		E3D97F88825A757D94290256 = {
			isa = PBXFileReference;
			lastKnownFileType = sourcecode.cpp.objcpp;
			name = "include_juce_events.mm";
			path = "../../JuceLibraryCode/include_juce_events.mm";
			sourceTree = "SOURCE_ROOT";
		};
		E5C44E8F751678F551232AD0 = {
			isa = PBXFileReference;
			lastKnownFileType = file;
			name = "juce_audio_devices";
			path = "~/JUCE/modules/juce_audio_devices";
			sourceTree = "<absolute>";
		};
		E7992AFF152A31A985C1A906 = {
			isa = PBXFileReference;
			lastKnownFileType = file;
			name = "juce_data_structures";
			path = "~/JUCE/modules/juce_data_structures";
			sourceTree = "<absolute>";
		};
		ED268D3970DE74A823736A8A = {
			isa = PBXFileReference;
			lastKnownFileType = text.plist.xml;
			name = "Info-Standalone_Plugin.plist";
			path = "Info-Standalone_Plugin.plist";
			sourceTree = "SOURCE_ROOT";
		};
		F1D87F15BC72FF2A0AC331CC = {
			isa = PBXFileReference;
			lastKnownFileType = sourcecode.cpp.objcpp;
			name = "include_juce_audio_plugin_client_AU_2.mm";
			path = "../../JuceLibraryCode/include_juce_audio_plugin_client_AU_2.mm";
			sourceTree = "SOURCE_ROOT";
		};
		F2FA2DD7F1AD07CA6F667736 = {
			isa = PBXFileReference;
			lastKnownFileType = sourcecode.cpp.objcpp;
			name = "include_juce_dsp.mm";
			path = "../../JuceLibraryCode/include_juce_dsp.mm";
			sourceTree = "SOURCE_ROOT";
		};
		F6E55337C7CFB1ED8EFF24F3 = {
			isa = PBXFileReference;
			lastKnownFileType = text.plist.xml;
			name = "Info-VST3.plist";
			path = "Info-VST3.plist";
			sourceTree = "SOURCE_ROOT";
		};
		7233526C98C6789D74A8A620 = {
			isa = PBXGroup;
			children = (
				00FFB08F5FDB2990916ABD8D,
				E3D6CC58822F2BFFE6C9A7B2,
			);
			name = Source;
			sourceTree = "<group>";
		};
		E4A2491D34EC3393D13D6075 = {
			isa = PBXGroup;
			children = (
				7233526C98C6789D74A8A620,
			);
			name = StringModel;
			sourceTree = "<group>";
		};
		69620B30F195F25C56AF8251 = {
			isa = PBXGroup;
			children = (
				B4DAA84546F84C38F6275692,
				E5C44E8F751678F551232AD0,
				D73E482454C322D894AD5803,
				AB166392B643489C1904FA8E,
				A75C474336F8CD887DB2F89B,
				20AC87E7C403F772453B91FF,
				A4823E6A33722954687B4306,
				E7992AFF152A31A985C1A906,
				23FAB7C49410123599E4005E,
				BE8ED1B772087CAAA7AB5012,
				07A76CE455BD1955484A264E,
				C982115AF2CE7E3BAE90BE45,
				47FE1588A5C4D7BD5D8C9CA4,
			);
			name = "JUCE Modules";
			sourceTree = "<group>";
		};
		437724150A0F6534A7CFBCC4 = {
			isa = PBXGroup;
			children = (
				79891E8ED3CB2D81206B7346,
				5B798B2EA13919CC8FD83A32,
				3F0835400FC7B16CA67FAB34,
				E3D2FE9D8DAA0A4BF1A36C4E,
				BE3400BE2D8D13DC188460CA,
				F1D87F15BC72FF2A0AC331CC,
				7A1937261A20F51F5EEE9C26,
				40255F6656985637EF84D44C,
				E06425FF209232F57F3C244A,
				9D5521EA3ACF409CCBBFE96D,
				50F75BEB3A5FEC8A1BFCFB58,
				9F3DF461D0E0F726E4CF49D3,
				887B206DDDF943BD87613E64,
				D3DBE66D66286A5233973EEA,
				F2FA2DD7F1AD07CA6F667736,
				E3D97F88825A757D94290256,
				3769640483D1CFC2671746FB,
				57521EC733A9B4476CDECC35,
				207D71C074ABF1F4521CA9D4,
				ACF2CF15EF37C586F5C04150,
				B882D4E4FB744AF5C6F76ABF,
			);
			name = "JUCE Library Code";
			sourceTree = "<group>";
		};
		5CFC59BF6471894145317B8C = {
			isa = PBXGroup;
			children = (
				F6E55337C7CFB1ED8EFF24F3,
				7AB5C34586E01A47B1FF1CFD,
				ED268D3970DE74A823736A8A,
				786326AE357424981F20AE68,
			);
			name = Resources;
			sourceTree = "<group>";
		};
		3BD1E817FA42A6FFE362AC58 = {
			isa = PBXGroup;
			children = (
				BEA050ACDABE276BE2CC89C9,
				65504579B9F22623CE96A46A,
				B2E5A7F63904410C1A0B5EAE,
				64AD798E5BA2B392CC4DAEFB,
				69FB2BE3662CAD775BAB42AC,
				B608CFBE798C17234BE137E2,
				9C7876C040AE7D3CBEA0B10C,
				7DE0CDEF82841F4152943DDB,
				644E8A31BA7C5E4138065845,
				41D8487D436A3E3E5C1BD537,
				50E58F4C592BE1E3CE46A1FA,
				499610A20EFE3B6A102AFD34,
			);
			name = Frameworks;
			sourceTree = "<group>";
		};
		ACDD567FE5E08D3E16FD23C5 = {
			isa = PBXGroup;
			children = (
				9D16ECC8BE82DEB985948EE9,
				3C7C283F5250C612283E388E,
				97B243D6606A0EAE98CADEA2,
				1ECDFA6884ECC72DD1463A9D,
			);
			name = Products;
			sourceTree = "<group>";
		};
		D2C811A5BEB0A4EFCA05D993 = {
			isa = PBXGroup;
			children = (
				E4A2491D34EC3393D13D6075,
				69620B30F195F25C56AF8251,
				437724150A0F6534A7CFBCC4,
				5CFC59BF6471894145317B8C,
				3BD1E817FA42A6FFE362AC58,
				ACDD567FE5E08D3E16FD23C5,
			);
			name = Source;
			sourceTree = "<group>";
		};
		4BA0D743F98E2D39FF86E6D7 = {
			isa = PBXTargetDependency;
			target = 0E8993CB7050CF62FA307E72;
		};
		1776DF2BFDF47227D61513B4 = {
			isa = PBXTargetDependency;
			target = A4A5907905ECD3F9996C2E38;
		};
		47EAD9D72312089202D935A2 = {
			isa = PBXTargetDependency;
			target = C52434D1BE4724AC956E71FC;
		};
		28585A3444394C478F13B23D = {
			isa = PBXTargetDependency;
			target = 9C2EC1B54367615E6E16AB7E;
		};
		185BE233D5A385901680C5A2 = {
			isa = PBXTargetDependency;
			target = 9C2EC1B54367615E6E16AB7E;
		};
		2EFA498C68B83E2EA3FB4D6B = {
			isa = PBXTargetDependency;
			target = 9C2EC1B54367615E6E16AB7E;
		};
		ECA77B3F5CED2C5C27B86D29 = {
			isa = PBXTargetDependency;
			target = 9C2EC1B54367615E6E16AB7E;
		};
		0A07BDE01545FB31ADFB021E = {
			isa = XCBuildConfiguration;
			buildSettings = {
				MACOSX_DEPLOYMENT_TARGET = 10.11;
				SDKROOT = macosx;
			};
			name = Debug;
		};
		B81718056091E33A2556818A = {
			isa = XCBuildConfiguration;
			buildSettings = {
				MACOSX_DEPLOYMENT_TARGET = 10.11;
				SDKROOT = macosx;
			};
			name = Release;
		};
		FA0B7ED50D52016E3B7DFF33 = {
			isa = XCBuildConfiguration;
			buildSettings = {
				CLANG_CXX_LANGUAGE_STANDARD = "c++14";
				CLANG_CXX_LIBRARY = "libc++";
				CLANG_LINK_OBJC_RUNTIME = NO;
				CODE_SIGN_IDENTITY = "";
				COMBINE_HIDPI_IMAGES = YES;
				CONFIGURATION_BUILD_DIR = "$(PROJECT_DIR)/build/$(CONFIGURATION)";
				COPY_PHASE_STRIP = NO;
				DEPLOYMENT_LOCATION = YES;
				DSTROOT = /;
				GCC_DYNAMIC_NO_PIC = NO;
				GCC_OPTIMIZATION_LEVEL = 0;
				GCC_PREPROCESSOR_DEFINITIONS = (
					"_DEBUG=1",
					"DEBUG=1",
					"JUCER_XCODE_MAC_F6D2F4CF=1",
					"JUCE_APP_VERSION=1.0.0",
					"JUCE_APP_VERSION_HEX=0x10000",
					"JucePlugin_Build_VST=0",
					"JucePlugin_Build_VST3=1",
					"JucePlugin_Build_AU=1",
					"JucePlugin_Build_AUv3=0",
					"JucePlugin_Build_RTAS=0",
					"JucePlugin_Build_AAX=0",
					"JucePlugin_Build_Standalone=1",
					"JucePlugin_Build_Unity=0",
					"JUCE_DISPLAY_SPLASH_SCREEN=0",
					"JUCE_USE_DARK_SPLASH_SCREEN=1",
					"JUCE_PROJUCER_VERSION=0x60004",
					"JUCE_MODULE_AVAILABLE_juce_audio_basics=1",
					"JUCE_MODULE_AVAILABLE_juce_audio_devices=1",
					"JUCE_MODULE_AVAILABLE_juce_audio_formats=1",
					"JUCE_MODULE_AVAILABLE_juce_audio_plugin_client=1",
					"JUCE_MODULE_AVAILABLE_juce_audio_processors=1",
					"JUCE_MODULE_AVAILABLE_juce_audio_utils=1",
					"JUCE_MODULE_AVAILABLE_juce_core=1",
					"JUCE_MODULE_AVAILABLE_juce_data_structures=1",
					"JUCE_MODULE_AVAILABLE_juce_dsp=1",
					"JUCE_MODULE_AVAILABLE_juce_events=1",
					"JUCE_MODULE_AVAILABLE_juce_graphics=1",
					"JUCE_MODULE_AVAILABLE_juce_gui_basics=1",
					"JUCE_MODULE_AVAILABLE_juce_gui_extra=1",
					"JUCE_GLOBAL_MODULE_SETTINGS_INCLUDED=1",
					"JUCE_VST3_CAN_REPLACE_VST2=0",
					"JucePlugin_Enable_IAA=0",
					"JucePlugin_Name=\\\"StringModel\\\"",
					"JucePlugin_Desc=\\\"StringModel\\\"",
					"JucePlugin_Manufacturer=\\\"JUCE\\\"",
					"JucePlugin_ManufacturerWebsite=\\\"http://juce.com\\\"",
					"JucePlugin_ManufacturerEmail=\\\"\\\"",
					"JucePlugin_ManufacturerCode=0x4d616e75",
					"JucePlugin_PluginCode=0x48773973",
					"JucePlugin_IsSynth=0",
					"JucePlugin_WantsMidiInput=0",
					"JucePlugin_ProducesMidiOutput=0",
					"JucePlugin_IsMidiEffect=0",
					"JucePlugin_EditorRequiresKeyboardFocus=0",
					"JucePlugin_Version=1.0.0",
					"JucePlugin_VersionCode=0x10000",
					"JucePlugin_VersionString=\\\"1.0.0\\\"",
					"JucePlugin_VSTUniqueID=JucePlugin_PluginCode",
					"JucePlugin_VSTCategory=kPlugCategEffect",
					"JucePlugin_Vst3Category=\\\"Fx\\\"",
					"JucePlugin_AUMainType='aufx'",
					"JucePlugin_AUSubType=JucePlugin_PluginCode",
					"JucePlugin_AUExportPrefix=StringModelAU",
					"JucePlugin_AUExportPrefixQuoted=\\\"StringModelAU\\\"",
					"JucePlugin_AUManufacturerCode=JucePlugin_ManufacturerCode",
					"JucePlugin_CFBundleIdentifier=com.JUCE.StringModel",
					"JucePlugin_RTASCategory=0",
					"JucePlugin_RTASManufacturerCode=JucePlugin_ManufacturerCode",
					"JucePlugin_RTASProductId=JucePlugin_PluginCode",
					"JucePlugin_RTASDisableBypass=0",
					"JucePlugin_RTASDisableMultiMono=0",
					"JucePlugin_AAXIdentifier=com.JUCE.StringModel",
					"JucePlugin_AAXManufacturerCode=JucePlugin_ManufacturerCode",
					"JucePlugin_AAXProductId=JucePlugin_PluginCode",
					"JucePlugin_AAXCategory=0",
					"JucePlugin_AAXDisableBypass=0",
					"JucePlugin_AAXDisableMultiMono=0",
					"JucePlugin_IAAType=0x61757278",
					"JucePlugin_IAASubType=JucePlugin_PluginCode",
					"JucePlugin_IAAName=\\\"JUCE:\\ StringModel\\\"",
					"JucePlugin_VSTNumMidiInputs=16",
					"JucePlugin_VSTNumMidiOutputs=16",
					"JUCE_STANDALONE_APPLICATION=JucePlugin_Build_Standalone",
				);
				GCC_VERSION = com.apple.compilers.llvm.clang.1_0;
				GENERATE_PKGINFO_FILE = YES;
				HEADER_SEARCH_PATHS = (
					"$(HOME)/JUCE/modules/juce_audio_processors/format_types/VST3_SDK",
					"../../JuceLibraryCode",
					"$(HOME)/JUCE/modules",
					"$(HOME)/JUCE/modules/juce_audio_plugin_client",
					"$(inherited)",
				);
				INFOPLIST_FILE = Info-VST3.plist;
				INFOPLIST_PREPROCESS = NO;
				INSTALL_PATH = "$(HOME)/Library/Audio/Plug-Ins/VST3/";
				LIBRARY_STYLE = Bundle;
				MACOSX_DEPLOYMENT_TARGET = 10.11;
				MTL_HEADER_SEARCH_PATHS = (
					"$(HOME)/JUCE/modules/juce_audio_processors/format_types/VST3_SDK",
					"../../JuceLibraryCode",
					"$(HOME)/JUCE/modules",
					"$(HOME)/JUCE/modules/juce_audio_plugin_client",
				);
				OTHER_LDFLAGS = "-bundle -lStringModel";
				PRODUCT_BUNDLE_IDENTIFIER = com.JUCE.StringModel;
				PRODUCT_NAME = "StringModel";
				USE_HEADERMAP = NO;
				VALID_ARCHS = "i386 x86_64 arm64 arm64e";
				WRAPPER_EXTENSION = vst3;
			};
			name = Debug;
		};
		28BC2C9E7D568327835F4D9A = {
			isa = XCBuildConfiguration;
			buildSettings = {
				CLANG_CXX_LANGUAGE_STANDARD = "c++14";
				CLANG_CXX_LIBRARY = "libc++";
				CLANG_LINK_OBJC_RUNTIME = NO;
				CODE_SIGN_IDENTITY = "";
				COMBINE_HIDPI_IMAGES = YES;
				CONFIGURATION_BUILD_DIR = "$(PROJECT_DIR)/build/$(CONFIGURATION)";
				DEAD_CODE_STRIPPING = YES;
				DEPLOYMENT_LOCATION = YES;
				DSTROOT = /;
				GCC_GENERATE_DEBUGGING_SYMBOLS = NO;
				GCC_OPTIMIZATION_LEVEL = 3;
				GCC_PREPROCESSOR_DEFINITIONS = (
					"_NDEBUG=1",
					"NDEBUG=1",
					"JUCER_XCODE_MAC_F6D2F4CF=1",
					"JUCE_APP_VERSION=1.0.0",
					"JUCE_APP_VERSION_HEX=0x10000",
					"JucePlugin_Build_VST=0",
					"JucePlugin_Build_VST3=1",
					"JucePlugin_Build_AU=1",
					"JucePlugin_Build_AUv3=0",
					"JucePlugin_Build_RTAS=0",
					"JucePlugin_Build_AAX=0",
					"JucePlugin_Build_Standalone=1",
					"JucePlugin_Build_Unity=0",
					"JUCE_DISPLAY_SPLASH_SCREEN=0",
					"JUCE_USE_DARK_SPLASH_SCREEN=1",
					"JUCE_PROJUCER_VERSION=0x60004",
					"JUCE_MODULE_AVAILABLE_juce_audio_basics=1",
					"JUCE_MODULE_AVAILABLE_juce_audio_devices=1",
					"JUCE_MODULE_AVAILABLE_juce_audio_formats=1",
					"JUCE_MODULE_AVAILABLE_juce_audio_plugin_client=1",
					"JUCE_MODULE_AVAILABLE_juce_audio_processors=1",
					"JUCE_MODULE_AVAILABLE_juce_audio_utils=1",
					"JUCE_MODULE_AVAILABLE_juce_core=1",
					"JUCE_MODULE_AVAILABLE_juce_data_structures=1",
					"JUCE_MODULE_AVAILABLE_juce_dsp=1",
					"JUCE_MODULE_AVAILABLE_juce_events=1",
					"JUCE_MODULE_AVAILABLE_juce_graphics=1",
					"JUCE_MODULE_AVAILABLE_juce_gui_basics=1",
					"JUCE_MODULE_AVAILABLE_juce_gui_extra=1",
					"JUCE_GLOBAL_MODULE_SETTINGS_INCLUDED=1",
					"JUCE_VST3_CAN_REPLACE_VST2=0",
					"JucePlugin_Enable_IAA=0",
					"JucePlugin_Name=\\\"StringModel\\\"",
					"JucePlugin_Desc=\\\"StringModel\\\"",
					"JucePlugin_Manufacturer=\\\"JUCE\\\"",
					"JucePlugin_ManufacturerWebsite=\\\"http://juce.com\\\"",
					"JucePlugin_ManufacturerEmail=\\\"\\\"",
					"JucePlugin_ManufacturerCode=0x4d616e75",
					"JucePlugin_PluginCode=0x48773973",
					"JucePlugin_IsSynth=0",
					"JucePlugin_WantsMidiInput=0",
					"JucePlugin_ProducesMidiOutput=0",
					"JucePlugin_IsMidiEffect=0",
					"JucePlugin_EditorRequiresKeyboardFocus=0",
					"JucePlugin_Version=1.0.0",
					"JucePlugin_VersionCode=0x10000",
					"JucePlugin_VersionString=\\\"1.0.0\\\"",
					"JucePlugin_VSTUniqueID=JucePlugin_PluginCode",
					"JucePlugin_VSTCategory=kPlugCategEffect",
					"JucePlugin_Vst3Category=\\\"Fx\\\"",
					"JucePlugin_AUMainType='aufx'",
					"JucePlugin_AUSubType=JucePlugin_PluginCode",
					"JucePlugin_AUExportPrefix=StringModelAU",
					"JucePlugin_AUExportPrefixQuoted=\\\"StringModelAU\\\"",
					"JucePlugin_AUManufacturerCode=JucePlugin_ManufacturerCode",
					"JucePlugin_CFBundleIdentifier=com.JUCE.StringModel",
					"JucePlugin_RTASCategory=0",
					"JucePlugin_RTASManufacturerCode=JucePlugin_ManufacturerCode",
					"JucePlugin_RTASProductId=JucePlugin_PluginCode",
					"JucePlugin_RTASDisableBypass=0",
					"JucePlugin_RTASDisableMultiMono=0",
					"JucePlugin_AAXIdentifier=com.JUCE.StringModel",
					"JucePlugin_AAXManufacturerCode=JucePlugin_ManufacturerCode",
					"JucePlugin_AAXProductId=JucePlugin_PluginCode",
					"JucePlugin_AAXCategory=0",
					"JucePlugin_AAXDisableBypass=0",
					"JucePlugin_AAXDisableMultiMono=0",
					"JucePlugin_IAAType=0x61757278",
					"JucePlugin_IAASubType=JucePlugin_PluginCode",
					"JucePlugin_IAAName=\\\"JUCE:\\ StringModel\\\"",
					"JucePlugin_VSTNumMidiInputs=16",
					"JucePlugin_VSTNumMidiOutputs=16",
					"JUCE_STANDALONE_APPLICATION=JucePlugin_Build_Standalone",
				);
				GCC_VERSION = com.apple.compilers.llvm.clang.1_0;
				GENERATE_PKGINFO_FILE = YES;
				HEADER_SEARCH_PATHS = (
					"$(HOME)/JUCE/modules/juce_audio_processors/format_types/VST3_SDK",
					"../../JuceLibraryCode",
					"$(HOME)/JUCE/modules",
					"$(HOME)/JUCE/modules/juce_audio_plugin_client",
					"$(inherited)",
				);
				INFOPLIST_FILE = Info-VST3.plist;
				INFOPLIST_PREPROCESS = NO;
				INSTALL_PATH = "$(HOME)/Library/Audio/Plug-Ins/VST3/";
				LIBRARY_STYLE = Bundle;
				LLVM_LTO = YES;
				MACOSX_DEPLOYMENT_TARGET = 10.11;
				MTL_HEADER_SEARCH_PATHS = (
					"$(HOME)/JUCE/modules/juce_audio_processors/format_types/VST3_SDK",
					"../../JuceLibraryCode",
					"$(HOME)/JUCE/modules",
					"$(HOME)/JUCE/modules/juce_audio_plugin_client",
				);
				OTHER_LDFLAGS = "-bundle -lStringModel";
				PRODUCT_BUNDLE_IDENTIFIER = com.JUCE.StringModel;
				PRODUCT_NAME = "StringModel";
				USE_HEADERMAP = NO;
				VALID_ARCHS = "i386 x86_64 arm64 arm64e";
				WRAPPER_EXTENSION = vst3;
			};
			name = Release;
		};
		5E26B4B898425125A3EE3674 = {
			isa = XCBuildConfiguration;
			buildSettings = {
				CLANG_CXX_LANGUAGE_STANDARD = "c++14";
				CLANG_CXX_LIBRARY = "libc++";
				CLANG_LINK_OBJC_RUNTIME = NO;
				CODE_SIGN_IDENTITY = "";
				COMBINE_HIDPI_IMAGES = YES;
				CONFIGURATION_BUILD_DIR = "$(PROJECT_DIR)/build/$(CONFIGURATION)";
				COPY_PHASE_STRIP = NO;
				DEPLOYMENT_LOCATION = YES;
				DSTROOT = /;
				GCC_DYNAMIC_NO_PIC = NO;
				GCC_OPTIMIZATION_LEVEL = 0;
				GCC_PREPROCESSOR_DEFINITIONS = (
					"_DEBUG=1",
					"DEBUG=1",
					"JUCER_XCODE_MAC_F6D2F4CF=1",
					"JUCE_APP_VERSION=1.0.0",
					"JUCE_APP_VERSION_HEX=0x10000",
					"JucePlugin_Build_VST=0",
					"JucePlugin_Build_VST3=1",
					"JucePlugin_Build_AU=1",
					"JucePlugin_Build_AUv3=0",
					"JucePlugin_Build_RTAS=0",
					"JucePlugin_Build_AAX=0",
					"JucePlugin_Build_Standalone=1",
					"JucePlugin_Build_Unity=0",
					"JUCE_DISPLAY_SPLASH_SCREEN=0",
					"JUCE_USE_DARK_SPLASH_SCREEN=1",
					"JUCE_PROJUCER_VERSION=0x60004",
					"JUCE_MODULE_AVAILABLE_juce_audio_basics=1",
					"JUCE_MODULE_AVAILABLE_juce_audio_devices=1",
					"JUCE_MODULE_AVAILABLE_juce_audio_formats=1",
					"JUCE_MODULE_AVAILABLE_juce_audio_plugin_client=1",
					"JUCE_MODULE_AVAILABLE_juce_audio_processors=1",
					"JUCE_MODULE_AVAILABLE_juce_audio_utils=1",
					"JUCE_MODULE_AVAILABLE_juce_core=1",
					"JUCE_MODULE_AVAILABLE_juce_data_structures=1",
					"JUCE_MODULE_AVAILABLE_juce_dsp=1",
					"JUCE_MODULE_AVAILABLE_juce_events=1",
					"JUCE_MODULE_AVAILABLE_juce_graphics=1",
					"JUCE_MODULE_AVAILABLE_juce_gui_basics=1",
					"JUCE_MODULE_AVAILABLE_juce_gui_extra=1",
					"JUCE_GLOBAL_MODULE_SETTINGS_INCLUDED=1",
					"JUCE_VST3_CAN_REPLACE_VST2=0",
					"JucePlugin_Enable_IAA=0",
					"JucePlugin_Name=\\\"StringModel\\\"",
					"JucePlugin_Desc=\\\"StringModel\\\"",
					"JucePlugin_Manufacturer=\\\"JUCE\\\"",
					"JucePlugin_ManufacturerWebsite=\\\"http://juce.com\\\"",
					"JucePlugin_ManufacturerEmail=\\\"\\\"",
					"JucePlugin_ManufacturerCode=0x4d616e75",
					"JucePlugin_PluginCode=0x48773973",
					"JucePlugin_IsSynth=0",
					"JucePlugin_WantsMidiInput=0",
					"JucePlugin_ProducesMidiOutput=0",
					"JucePlugin_IsMidiEffect=0",
					"JucePlugin_EditorRequiresKeyboardFocus=0",
					"JucePlugin_Version=1.0.0",
					"JucePlugin_VersionCode=0x10000",
					"JucePlugin_VersionString=\\\"1.0.0\\\"",
					"JucePlugin_VSTUniqueID=JucePlugin_PluginCode",
					"JucePlugin_VSTCategory=kPlugCategEffect",
					"JucePlugin_Vst3Category=\\\"Fx\\\"",
					"JucePlugin_AUMainType='aufx'",
					"JucePlugin_AUSubType=JucePlugin_PluginCode",
					"JucePlugin_AUExportPrefix=StringModelAU",
					"JucePlugin_AUExportPrefixQuoted=\\\"StringModelAU\\\"",
					"JucePlugin_AUManufacturerCode=JucePlugin_ManufacturerCode",
					"JucePlugin_CFBundleIdentifier=com.JUCE.StringModel",
					"JucePlugin_RTASCategory=0",
					"JucePlugin_RTASManufacturerCode=JucePlugin_ManufacturerCode",
					"JucePlugin_RTASProductId=JucePlugin_PluginCode",
					"JucePlugin_RTASDisableBypass=0",
					"JucePlugin_RTASDisableMultiMono=0",
					"JucePlugin_AAXIdentifier=com.JUCE.StringModel",
					"JucePlugin_AAXManufacturerCode=JucePlugin_ManufacturerCode",
					"JucePlugin_AAXProductId=JucePlugin_PluginCode",
					"JucePlugin_AAXCategory=0",
					"JucePlugin_AAXDisableBypass=0",
					"JucePlugin_AAXDisableMultiMono=0",
					"JucePlugin_IAAType=0x61757278",
					"JucePlugin_IAASubType=JucePlugin_PluginCode",
					"JucePlugin_IAAName=\\\"JUCE:\\ StringModel\\\"",
					"JucePlugin_VSTNumMidiInputs=16",
					"JucePlugin_VSTNumMidiOutputs=16",
					"JUCE_STANDALONE_APPLICATION=JucePlugin_Build_Standalone",
				);
				GCC_VERSION = com.apple.compilers.llvm.clang.1_0;
				GENERATE_PKGINFO_FILE = YES;
				HEADER_SEARCH_PATHS = (
					"$(HOME)/JUCE/modules/juce_audio_processors/format_types/VST3_SDK",
					"../../JuceLibraryCode",
					"$(HOME)/JUCE/modules",
					"$(HOME)/JUCE/modules/juce_audio_plugin_client",
					"$(inherited)",
				);
				INFOPLIST_FILE = Info-AU.plist;
				INFOPLIST_PREPROCESS = NO;
				INSTALL_PATH = "$(HOME)/Library/Audio/Plug-Ins/Components/";
				LIBRARY_STYLE = Bundle;
				MACOSX_DEPLOYMENT_TARGET = 10.11;
				MTL_HEADER_SEARCH_PATHS = (
					"$(HOME)/JUCE/modules/juce_audio_processors/format_types/VST3_SDK",
					"../../JuceLibraryCode",
					"$(HOME)/JUCE/modules",
					"$(HOME)/JUCE/modules/juce_audio_plugin_client",
				);
				OTHER_LDFLAGS = "-bundle -lStringModel";
				OTHER_REZFLAGS = "-d ppc_$ppc -d i386_$i386 -d ppc64_$ppc64 -d x86_64_$x86_64 -I /System/Library/Frameworks/CoreServices.framework/Frameworks/CarbonCore.framework/Versions/A/Headers -I \"$(DEVELOPER_DIR)/Extras/CoreAudio/AudioUnits/AUPublic/AUBase\" -I \"$(DEVELOPER_DIR)/Platforms/MacOSX.platform/Developer/SDKs/MacOSX.sdk/System/Library/Frameworks/AudioUnit.framework/Headers\"";
				PRODUCT_BUNDLE_IDENTIFIER = com.JUCE.StringModel;
				PRODUCT_NAME = "StringModel";
				USE_HEADERMAP = NO;
				VALID_ARCHS = "i386 x86_64 arm64 arm64e";
				WRAPPER_EXTENSION = component;
			};
			name = Debug;
		};
		736AA7C3AED0CF71AD26E1A2 = {
			isa = XCBuildConfiguration;
			buildSettings = {
				CLANG_CXX_LANGUAGE_STANDARD = "c++14";
				CLANG_CXX_LIBRARY = "libc++";
				CLANG_LINK_OBJC_RUNTIME = NO;
				CODE_SIGN_IDENTITY = "";
				COMBINE_HIDPI_IMAGES = YES;
				CONFIGURATION_BUILD_DIR = "$(PROJECT_DIR)/build/$(CONFIGURATION)";
				DEAD_CODE_STRIPPING = YES;
				DEPLOYMENT_LOCATION = YES;
				DSTROOT = /;
				GCC_GENERATE_DEBUGGING_SYMBOLS = NO;
				GCC_OPTIMIZATION_LEVEL = 3;
				GCC_PREPROCESSOR_DEFINITIONS = (
					"_NDEBUG=1",
					"NDEBUG=1",
					"JUCER_XCODE_MAC_F6D2F4CF=1",
					"JUCE_APP_VERSION=1.0.0",
					"JUCE_APP_VERSION_HEX=0x10000",
					"JucePlugin_Build_VST=0",
					"JucePlugin_Build_VST3=1",
					"JucePlugin_Build_AU=1",
					"JucePlugin_Build_AUv3=0",
					"JucePlugin_Build_RTAS=0",
					"JucePlugin_Build_AAX=0",
					"JucePlugin_Build_Standalone=1",
					"JucePlugin_Build_Unity=0",
					"JUCE_DISPLAY_SPLASH_SCREEN=0",
					"JUCE_USE_DARK_SPLASH_SCREEN=1",
					"JUCE_PROJUCER_VERSION=0x60004",
					"JUCE_MODULE_AVAILABLE_juce_audio_basics=1",
					"JUCE_MODULE_AVAILABLE_juce_audio_devices=1",
					"JUCE_MODULE_AVAILABLE_juce_audio_formats=1",
					"JUCE_MODULE_AVAILABLE_juce_audio_plugin_client=1",
					"JUCE_MODULE_AVAILABLE_juce_audio_processors=1",
					"JUCE_MODULE_AVAILABLE_juce_audio_utils=1",
					"JUCE_MODULE_AVAILABLE_juce_core=1",
					"JUCE_MODULE_AVAILABLE_juce_data_structures=1",
					"JUCE_MODULE_AVAILABLE_juce_dsp=1",
					"JUCE_MODULE_AVAILABLE_juce_events=1",
					"JUCE_MODULE_AVAILABLE_juce_graphics=1",
					"JUCE_MODULE_AVAILABLE_juce_gui_basics=1",
					"JUCE_MODULE_AVAILABLE_juce_gui_extra=1",
					"JUCE_GLOBAL_MODULE_SETTINGS_INCLUDED=1",
					"JUCE_VST3_CAN_REPLACE_VST2=0",
					"JucePlugin_Enable_IAA=0",
					"JucePlugin_Name=\\\"StringModel\\\"",
					"JucePlugin_Desc=\\\"StringModel\\\"",
					"JucePlugin_Manufacturer=\\\"JUCE\\\"",
					"JucePlugin_ManufacturerWebsite=\\\"http://juce.com\\\"",
					"JucePlugin_ManufacturerEmail=\\\"\\\"",
					"JucePlugin_ManufacturerCode=0x4d616e75",
					"JucePlugin_PluginCode=0x48773973",
					"JucePlugin_IsSynth=0",
					"JucePlugin_WantsMidiInput=0",
					"JucePlugin_ProducesMidiOutput=0",
					"JucePlugin_IsMidiEffect=0",
					"JucePlugin_EditorRequiresKeyboardFocus=0",
					"JucePlugin_Version=1.0.0",
					"JucePlugin_VersionCode=0x10000",
					"JucePlugin_VersionString=\\\"1.0.0\\\"",
					"JucePlugin_VSTUniqueID=JucePlugin_PluginCode",
					"JucePlugin_VSTCategory=kPlugCategEffect",
					"JucePlugin_Vst3Category=\\\"Fx\\\"",
					"JucePlugin_AUMainType='aufx'",
					"JucePlugin_AUSubType=JucePlugin_PluginCode",
					"JucePlugin_AUExportPrefix=StringModelAU",
					"JucePlugin_AUExportPrefixQuoted=\\\"StringModelAU\\\"",
					"JucePlugin_AUManufacturerCode=JucePlugin_ManufacturerCode",
					"JucePlugin_CFBundleIdentifier=com.JUCE.StringModel",
					"JucePlugin_RTASCategory=0",
					"JucePlugin_RTASManufacturerCode=JucePlugin_ManufacturerCode",
					"JucePlugin_RTASProductId=JucePlugin_PluginCode",
					"JucePlugin_RTASDisableBypass=0",
					"JucePlugin_RTASDisableMultiMono=0",
					"JucePlugin_AAXIdentifier=com.JUCE.StringModel",
					"JucePlugin_AAXManufacturerCode=JucePlugin_ManufacturerCode",
					"JucePlugin_AAXProductId=JucePlugin_PluginCode",
					"JucePlugin_AAXCategory=0",
					"JucePlugin_AAXDisableBypass=0",
					"JucePlugin_AAXDisableMultiMono=0",
					"JucePlugin_IAAType=0x61757278",
					"JucePlugin_IAASubType=JucePlugin_PluginCode",
					"JucePlugin_IAAName=\\\"JUCE:\\ StringModel\\\"",
					"JucePlugin_VSTNumMidiInputs=16",
					"JucePlugin_VSTNumMidiOutputs=16",
					"JUCE_STANDALONE_APPLICATION=JucePlugin_Build_Standalone",
				);
				GCC_VERSION = com.apple.compilers.llvm.clang.1_0;
				GENERATE_PKGINFO_FILE = YES;
				HEADER_SEARCH_PATHS = (
					"$(HOME)/JUCE/modules/juce_audio_processors/format_types/VST3_SDK",
					"../../JuceLibraryCode",
					"$(HOME)/JUCE/modules",
					"$(HOME)/JUCE/modules/juce_audio_plugin_client",
					"$(inherited)",
				);
				INFOPLIST_FILE = Info-AU.plist;
				INFOPLIST_PREPROCESS = NO;
				INSTALL_PATH = "$(HOME)/Library/Audio/Plug-Ins/Components/";
				LIBRARY_STYLE = Bundle;
				LLVM_LTO = YES;
				MACOSX_DEPLOYMENT_TARGET = 10.11;
				MTL_HEADER_SEARCH_PATHS = (
					"$(HOME)/JUCE/modules/juce_audio_processors/format_types/VST3_SDK",
					"../../JuceLibraryCode",
					"$(HOME)/JUCE/modules",
					"$(HOME)/JUCE/modules/juce_audio_plugin_client",
				);
				OTHER_LDFLAGS = "-bundle -lStringModel";
				OTHER_REZFLAGS = "-d ppc_$ppc -d i386_$i386 -d ppc64_$ppc64 -d x86_64_$x86_64 -I /System/Library/Frameworks/CoreServices.framework/Frameworks/CarbonCore.framework/Versions/A/Headers -I \"$(DEVELOPER_DIR)/Extras/CoreAudio/AudioUnits/AUPublic/AUBase\" -I \"$(DEVELOPER_DIR)/Platforms/MacOSX.platform/Developer/SDKs/MacOSX.sdk/System/Library/Frameworks/AudioUnit.framework/Headers\"";
				PRODUCT_BUNDLE_IDENTIFIER = com.JUCE.StringModel;
				PRODUCT_NAME = "StringModel";
				USE_HEADERMAP = NO;
				VALID_ARCHS = "i386 x86_64 arm64 arm64e";
				WRAPPER_EXTENSION = component;
			};
			name = Release;
		};
		64EF4E44281C0AA32BDDF551 = {
			isa = XCBuildConfiguration;
			buildSettings = {
				CLANG_CXX_LANGUAGE_STANDARD = "c++14";
				CLANG_CXX_LIBRARY = "libc++";
				CLANG_LINK_OBJC_RUNTIME = NO;
				CODE_SIGN_IDENTITY = "";
				COMBINE_HIDPI_IMAGES = YES;
				CONFIGURATION_BUILD_DIR = "$(PROJECT_DIR)/build/$(CONFIGURATION)";
				COPY_PHASE_STRIP = NO;
				GCC_DYNAMIC_NO_PIC = NO;
				GCC_OPTIMIZATION_LEVEL = 0;
				GCC_PREPROCESSOR_DEFINITIONS = (
					"_DEBUG=1",
					"DEBUG=1",
					"JUCER_XCODE_MAC_F6D2F4CF=1",
					"JUCE_APP_VERSION=1.0.0",
					"JUCE_APP_VERSION_HEX=0x10000",
					"JucePlugin_Build_VST=0",
					"JucePlugin_Build_VST3=1",
					"JucePlugin_Build_AU=1",
					"JucePlugin_Build_AUv3=0",
					"JucePlugin_Build_RTAS=0",
					"JucePlugin_Build_AAX=0",
					"JucePlugin_Build_Standalone=1",
					"JucePlugin_Build_Unity=0",
					"JUCE_DISPLAY_SPLASH_SCREEN=0",
					"JUCE_USE_DARK_SPLASH_SCREEN=1",
					"JUCE_PROJUCER_VERSION=0x60004",
					"JUCE_MODULE_AVAILABLE_juce_audio_basics=1",
					"JUCE_MODULE_AVAILABLE_juce_audio_devices=1",
					"JUCE_MODULE_AVAILABLE_juce_audio_formats=1",
					"JUCE_MODULE_AVAILABLE_juce_audio_plugin_client=1",
					"JUCE_MODULE_AVAILABLE_juce_audio_processors=1",
					"JUCE_MODULE_AVAILABLE_juce_audio_utils=1",
					"JUCE_MODULE_AVAILABLE_juce_core=1",
					"JUCE_MODULE_AVAILABLE_juce_data_structures=1",
					"JUCE_MODULE_AVAILABLE_juce_dsp=1",
					"JUCE_MODULE_AVAILABLE_juce_events=1",
					"JUCE_MODULE_AVAILABLE_juce_graphics=1",
					"JUCE_MODULE_AVAILABLE_juce_gui_basics=1",
					"JUCE_MODULE_AVAILABLE_juce_gui_extra=1",
					"JUCE_GLOBAL_MODULE_SETTINGS_INCLUDED=1",
					"JUCE_VST3_CAN_REPLACE_VST2=0",
					"JucePlugin_Enable_IAA=0",
					"JucePlugin_Name=\\\"StringModel\\\"",
					"JucePlugin_Desc=\\\"StringModel\\\"",
					"JucePlugin_Manufacturer=\\\"JUCE\\\"",
					"JucePlugin_ManufacturerWebsite=\\\"http://juce.com\\\"",
					"JucePlugin_ManufacturerEmail=\\\"\\\"",
					"JucePlugin_ManufacturerCode=0x4d616e75",
					"JucePlugin_PluginCode=0x48773973",
					"JucePlugin_IsSynth=0",
					"JucePlugin_WantsMidiInput=0",
					"JucePlugin_ProducesMidiOutput=0",
					"JucePlugin_IsMidiEffect=0",
					"JucePlugin_EditorRequiresKeyboardFocus=0",
					"JucePlugin_Version=1.0.0",
					"JucePlugin_VersionCode=0x10000",
					"JucePlugin_VersionString=\\\"1.0.0\\\"",
					"JucePlugin_VSTUniqueID=JucePlugin_PluginCode",
					"JucePlugin_VSTCategory=kPlugCategEffect",
					"JucePlugin_Vst3Category=\\\"Fx\\\"",
					"JucePlugin_AUMainType='aufx'",
					"JucePlugin_AUSubType=JucePlugin_PluginCode",
					"JucePlugin_AUExportPrefix=StringModelAU",
					"JucePlugin_AUExportPrefixQuoted=\\\"StringModelAU\\\"",
					"JucePlugin_AUManufacturerCode=JucePlugin_ManufacturerCode",
					"JucePlugin_CFBundleIdentifier=com.JUCE.StringModel",
					"JucePlugin_RTASCategory=0",
					"JucePlugin_RTASManufacturerCode=JucePlugin_ManufacturerCode",
					"JucePlugin_RTASProductId=JucePlugin_PluginCode",
					"JucePlugin_RTASDisableBypass=0",
					"JucePlugin_RTASDisableMultiMono=0",
					"JucePlugin_AAXIdentifier=com.JUCE.StringModel",
					"JucePlugin_AAXManufacturerCode=JucePlugin_ManufacturerCode",
					"JucePlugin_AAXProductId=JucePlugin_PluginCode",
					"JucePlugin_AAXCategory=0",
					"JucePlugin_AAXDisableBypass=0",
					"JucePlugin_AAXDisableMultiMono=0",
					"JucePlugin_IAAType=0x61757278",
					"JucePlugin_IAASubType=JucePlugin_PluginCode",
					"JucePlugin_IAAName=\\\"JUCE:\\ StringModel\\\"",
					"JucePlugin_VSTNumMidiInputs=16",
					"JucePlugin_VSTNumMidiOutputs=16",
					"JUCE_STANDALONE_APPLICATION=JucePlugin_Build_Standalone",
				);
				GCC_VERSION = com.apple.compilers.llvm.clang.1_0;
				HEADER_SEARCH_PATHS = (
					"$(HOME)/JUCE/modules/juce_audio_processors/format_types/VST3_SDK",
					"../../JuceLibraryCode",
					"$(HOME)/JUCE/modules",
					"$(HOME)/JUCE/modules/juce_audio_plugin_client",
					"$(inherited)",
				);
				INFOPLIST_FILE = Info-Standalone_Plugin.plist;
				INFOPLIST_PREPROCESS = NO;
				MACOSX_DEPLOYMENT_TARGET = 10.11;
				MTL_HEADER_SEARCH_PATHS = (
					"$(HOME)/JUCE/modules/juce_audio_processors/format_types/VST3_SDK",
					"../../JuceLibraryCode",
					"$(HOME)/JUCE/modules",
					"$(HOME)/JUCE/modules/juce_audio_plugin_client",
				);
				OTHER_LDFLAGS = "-lStringModel";
				PRODUCT_BUNDLE_IDENTIFIER = com.JUCE.StringModel;
				PRODUCT_NAME = "StringModel";
				USE_HEADERMAP = NO;
				VALID_ARCHS = "i386 x86_64 arm64 arm64e";
			};
			name = Debug;
		};
		7E30175405CFC2573B72654E = {
			isa = XCBuildConfiguration;
			buildSettings = {
				CLANG_CXX_LANGUAGE_STANDARD = "c++14";
				CLANG_CXX_LIBRARY = "libc++";
				CLANG_LINK_OBJC_RUNTIME = NO;
				CODE_SIGN_IDENTITY = "";
				COMBINE_HIDPI_IMAGES = YES;
				CONFIGURATION_BUILD_DIR = "$(PROJECT_DIR)/build/$(CONFIGURATION)";
				DEAD_CODE_STRIPPING = YES;
				GCC_GENERATE_DEBUGGING_SYMBOLS = NO;
				GCC_OPTIMIZATION_LEVEL = 3;
				GCC_PREPROCESSOR_DEFINITIONS = (
					"_NDEBUG=1",
					"NDEBUG=1",
					"JUCER_XCODE_MAC_F6D2F4CF=1",
					"JUCE_APP_VERSION=1.0.0",
					"JUCE_APP_VERSION_HEX=0x10000",
					"JucePlugin_Build_VST=0",
					"JucePlugin_Build_VST3=1",
					"JucePlugin_Build_AU=1",
					"JucePlugin_Build_AUv3=0",
					"JucePlugin_Build_RTAS=0",
					"JucePlugin_Build_AAX=0",
					"JucePlugin_Build_Standalone=1",
					"JucePlugin_Build_Unity=0",
					"JUCE_DISPLAY_SPLASH_SCREEN=0",
					"JUCE_USE_DARK_SPLASH_SCREEN=1",
					"JUCE_PROJUCER_VERSION=0x60004",
					"JUCE_MODULE_AVAILABLE_juce_audio_basics=1",
					"JUCE_MODULE_AVAILABLE_juce_audio_devices=1",
					"JUCE_MODULE_AVAILABLE_juce_audio_formats=1",
					"JUCE_MODULE_AVAILABLE_juce_audio_plugin_client=1",
					"JUCE_MODULE_AVAILABLE_juce_audio_processors=1",
					"JUCE_MODULE_AVAILABLE_juce_audio_utils=1",
					"JUCE_MODULE_AVAILABLE_juce_core=1",
					"JUCE_MODULE_AVAILABLE_juce_data_structures=1",
					"JUCE_MODULE_AVAILABLE_juce_dsp=1",
					"JUCE_MODULE_AVAILABLE_juce_events=1",
					"JUCE_MODULE_AVAILABLE_juce_graphics=1",
					"JUCE_MODULE_AVAILABLE_juce_gui_basics=1",
					"JUCE_MODULE_AVAILABLE_juce_gui_extra=1",
					"JUCE_GLOBAL_MODULE_SETTINGS_INCLUDED=1",
					"JUCE_VST3_CAN_REPLACE_VST2=0",
					"JucePlugin_Enable_IAA=0",
					"JucePlugin_Name=\\\"StringModel\\\"",
					"JucePlugin_Desc=\\\"StringModel\\\"",
					"JucePlugin_Manufacturer=\\\"JUCE\\\"",
					"JucePlugin_ManufacturerWebsite=\\\"http://juce.com\\\"",
					"JucePlugin_ManufacturerEmail=\\\"\\\"",
					"JucePlugin_ManufacturerCode=0x4d616e75",
					"JucePlugin_PluginCode=0x48773973",
					"JucePlugin_IsSynth=0",
					"JucePlugin_WantsMidiInput=0",
					"JucePlugin_ProducesMidiOutput=0",
					"JucePlugin_IsMidiEffect=0",
					"JucePlugin_EditorRequiresKeyboardFocus=0",
					"JucePlugin_Version=1.0.0",
					"JucePlugin_VersionCode=0x10000",
					"JucePlugin_VersionString=\\\"1.0.0\\\"",
					"JucePlugin_VSTUniqueID=JucePlugin_PluginCode",
					"JucePlugin_VSTCategory=kPlugCategEffect",
					"JucePlugin_Vst3Category=\\\"Fx\\\"",
					"JucePlugin_AUMainType='aufx'",
					"JucePlugin_AUSubType=JucePlugin_PluginCode",
					"JucePlugin_AUExportPrefix=StringModelAU",
					"JucePlugin_AUExportPrefixQuoted=\\\"StringModelAU\\\"",
					"JucePlugin_AUManufacturerCode=JucePlugin_ManufacturerCode",
					"JucePlugin_CFBundleIdentifier=com.JUCE.StringModel",
					"JucePlugin_RTASCategory=0",
					"JucePlugin_RTASManufacturerCode=JucePlugin_ManufacturerCode",
					"JucePlugin_RTASProductId=JucePlugin_PluginCode",
					"JucePlugin_RTASDisableBypass=0",
					"JucePlugin_RTASDisableMultiMono=0",
					"JucePlugin_AAXIdentifier=com.JUCE.StringModel",
					"JucePlugin_AAXManufacturerCode=JucePlugin_ManufacturerCode",
					"JucePlugin_AAXProductId=JucePlugin_PluginCode",
					"JucePlugin_AAXCategory=0",
					"JucePlugin_AAXDisableBypass=0",
					"JucePlugin_AAXDisableMultiMono=0",
					"JucePlugin_IAAType=0x61757278",
					"JucePlugin_IAASubType=JucePlugin_PluginCode",
					"JucePlugin_IAAName=\\\"JUCE:\\ StringModel\\\"",
					"JucePlugin_VSTNumMidiInputs=16",
					"JucePlugin_VSTNumMidiOutputs=16",
					"JUCE_STANDALONE_APPLICATION=JucePlugin_Build_Standalone",
				);
				GCC_VERSION = com.apple.compilers.llvm.clang.1_0;
				HEADER_SEARCH_PATHS = (
					"$(HOME)/JUCE/modules/juce_audio_processors/format_types/VST3_SDK",
					"../../JuceLibraryCode",
					"$(HOME)/JUCE/modules",
					"$(HOME)/JUCE/modules/juce_audio_plugin_client",
					"$(inherited)",
				);
				INFOPLIST_FILE = Info-Standalone_Plugin.plist;
				INFOPLIST_PREPROCESS = NO;
				LLVM_LTO = YES;
				MACOSX_DEPLOYMENT_TARGET = 10.11;
				MTL_HEADER_SEARCH_PATHS = (
					"$(HOME)/JUCE/modules/juce_audio_processors/format_types/VST3_SDK",
					"../../JuceLibraryCode",
					"$(HOME)/JUCE/modules",
					"$(HOME)/JUCE/modules/juce_audio_plugin_client",
				);
				OTHER_LDFLAGS = "-lStringModel";
				PRODUCT_BUNDLE_IDENTIFIER = com.JUCE.StringModel;
				PRODUCT_NAME = "StringModel";
				USE_HEADERMAP = NO;
				VALID_ARCHS = "i386 x86_64 arm64 arm64e";
			};
			name = Release;
		};
		0E311233E2A761C00CAA3CD7 = {
			isa = XCBuildConfiguration;
			buildSettings = {
				CLANG_CXX_LANGUAGE_STANDARD = "c++14";
				CLANG_CXX_LIBRARY = "libc++";
				CLANG_LINK_OBJC_RUNTIME = NO;
				CODE_SIGN_IDENTITY = "";
				COMBINE_HIDPI_IMAGES = YES;
				CONFIGURATION_BUILD_DIR = "$(PROJECT_DIR)/build/$(CONFIGURATION)";
				COPY_PHASE_STRIP = NO;
				GCC_DYNAMIC_NO_PIC = NO;
				GCC_OPTIMIZATION_LEVEL = 0;
				GCC_PREPROCESSOR_DEFINITIONS = (
					"_DEBUG=1",
					"DEBUG=1",
					"JUCER_XCODE_MAC_F6D2F4CF=1",
					"JUCE_APP_VERSION=1.0.0",
					"JUCE_APP_VERSION_HEX=0x10000",
					"JucePlugin_Build_VST=0",
					"JucePlugin_Build_VST3=1",
					"JucePlugin_Build_AU=1",
					"JucePlugin_Build_AUv3=0",
					"JucePlugin_Build_RTAS=0",
					"JucePlugin_Build_AAX=0",
					"JucePlugin_Build_Standalone=1",
					"JucePlugin_Build_Unity=0",
					"JUCE_SHARED_CODE=1",
					"JUCE_DISPLAY_SPLASH_SCREEN=0",
					"JUCE_USE_DARK_SPLASH_SCREEN=1",
					"JUCE_PROJUCER_VERSION=0x60004",
					"JUCE_MODULE_AVAILABLE_juce_audio_basics=1",
					"JUCE_MODULE_AVAILABLE_juce_audio_devices=1",
					"JUCE_MODULE_AVAILABLE_juce_audio_formats=1",
					"JUCE_MODULE_AVAILABLE_juce_audio_plugin_client=1",
					"JUCE_MODULE_AVAILABLE_juce_audio_processors=1",
					"JUCE_MODULE_AVAILABLE_juce_audio_utils=1",
					"JUCE_MODULE_AVAILABLE_juce_core=1",
					"JUCE_MODULE_AVAILABLE_juce_data_structures=1",
					"JUCE_MODULE_AVAILABLE_juce_dsp=1",
					"JUCE_MODULE_AVAILABLE_juce_events=1",
					"JUCE_MODULE_AVAILABLE_juce_graphics=1",
					"JUCE_MODULE_AVAILABLE_juce_gui_basics=1",
					"JUCE_MODULE_AVAILABLE_juce_gui_extra=1",
					"JUCE_GLOBAL_MODULE_SETTINGS_INCLUDED=1",
					"JUCE_VST3_CAN_REPLACE_VST2=0",
					"JucePlugin_Enable_IAA=0",
					"JucePlugin_Name=\\\"StringModel\\\"",
					"JucePlugin_Desc=\\\"StringModel\\\"",
					"JucePlugin_Manufacturer=\\\"JUCE\\\"",
					"JucePlugin_ManufacturerWebsite=\\\"http://juce.com\\\"",
					"JucePlugin_ManufacturerEmail=\\\"\\\"",
					"JucePlugin_ManufacturerCode=0x4d616e75",
					"JucePlugin_PluginCode=0x48773973",
					"JucePlugin_IsSynth=0",
					"JucePlugin_WantsMidiInput=0",
					"JucePlugin_ProducesMidiOutput=0",
					"JucePlugin_IsMidiEffect=0",
					"JucePlugin_EditorRequiresKeyboardFocus=0",
					"JucePlugin_Version=1.0.0",
					"JucePlugin_VersionCode=0x10000",
					"JucePlugin_VersionString=\\\"1.0.0\\\"",
					"JucePlugin_VSTUniqueID=JucePlugin_PluginCode",
					"JucePlugin_VSTCategory=kPlugCategEffect",
					"JucePlugin_Vst3Category=\\\"Fx\\\"",
					"JucePlugin_AUMainType='aufx'",
					"JucePlugin_AUSubType=JucePlugin_PluginCode",
					"JucePlugin_AUExportPrefix=StringModelAU",
					"JucePlugin_AUExportPrefixQuoted=\\\"StringModelAU\\\"",
					"JucePlugin_AUManufacturerCode=JucePlugin_ManufacturerCode",
					"JucePlugin_CFBundleIdentifier=com.JUCE.StringModel",
					"JucePlugin_RTASCategory=0",
					"JucePlugin_RTASManufacturerCode=JucePlugin_ManufacturerCode",
					"JucePlugin_RTASProductId=JucePlugin_PluginCode",
					"JucePlugin_RTASDisableBypass=0",
					"JucePlugin_RTASDisableMultiMono=0",
					"JucePlugin_AAXIdentifier=com.JUCE.StringModel",
					"JucePlugin_AAXManufacturerCode=JucePlugin_ManufacturerCode",
					"JucePlugin_AAXProductId=JucePlugin_PluginCode",
					"JucePlugin_AAXCategory=0",
					"JucePlugin_AAXDisableBypass=0",
					"JucePlugin_AAXDisableMultiMono=0",
					"JucePlugin_IAAType=0x61757278",
					"JucePlugin_IAASubType=JucePlugin_PluginCode",
					"JucePlugin_IAAName=\\\"JUCE:\\ StringModel\\\"",
					"JucePlugin_VSTNumMidiInputs=16",
					"JucePlugin_VSTNumMidiOutputs=16",
					"JUCE_STANDALONE_APPLICATION=JucePlugin_Build_Standalone",
				);
				GCC_VERSION = com.apple.compilers.llvm.clang.1_0;
				HEADER_SEARCH_PATHS = (
					"$(HOME)/JUCE/modules/juce_audio_processors/format_types/VST3_SDK",
					"../../JuceLibraryCode",
					"$(HOME)/JUCE/modules",
					"$(HOME)/JUCE/modules/juce_audio_plugin_client",
					"$(inherited)",
				);
				INSTALL_PATH = "@executable_path/../Frameworks";
				MACOSX_DEPLOYMENT_TARGET = 10.11;
				MTL_HEADER_SEARCH_PATHS = (
					"$(HOME)/JUCE/modules/juce_audio_processors/format_types/VST3_SDK",
					"../../JuceLibraryCode",
					"$(HOME)/JUCE/modules",
					"$(HOME)/JUCE/modules/juce_audio_plugin_client",
				);
				PRODUCT_BUNDLE_IDENTIFIER = com.JUCE.StringModel;
				PRODUCT_NAME = "StringModel";
				SKIP_INSTALL = YES;
				USE_HEADERMAP = NO;
				VALID_ARCHS = "i386 x86_64 arm64 arm64e";
			};
			name = Debug;
		};
		58BF41C0889D1A4C6625B999 = {
			isa = XCBuildConfiguration;
			buildSettings = {
				CLANG_CXX_LANGUAGE_STANDARD = "c++14";
				CLANG_CXX_LIBRARY = "libc++";
				CLANG_LINK_OBJC_RUNTIME = NO;
				CODE_SIGN_IDENTITY = "";
				COMBINE_HIDPI_IMAGES = YES;
				CONFIGURATION_BUILD_DIR = "$(PROJECT_DIR)/build/$(CONFIGURATION)";
				DEAD_CODE_STRIPPING = YES;
				GCC_GENERATE_DEBUGGING_SYMBOLS = NO;
				GCC_OPTIMIZATION_LEVEL = 3;
				GCC_PREPROCESSOR_DEFINITIONS = (
					"_NDEBUG=1",
					"NDEBUG=1",
					"JUCER_XCODE_MAC_F6D2F4CF=1",
					"JUCE_APP_VERSION=1.0.0",
					"JUCE_APP_VERSION_HEX=0x10000",
					"JucePlugin_Build_VST=0",
					"JucePlugin_Build_VST3=1",
					"JucePlugin_Build_AU=1",
					"JucePlugin_Build_AUv3=0",
					"JucePlugin_Build_RTAS=0",
					"JucePlugin_Build_AAX=0",
					"JucePlugin_Build_Standalone=1",
					"JucePlugin_Build_Unity=0",
					"JUCE_SHARED_CODE=1",
					"JUCE_DISPLAY_SPLASH_SCREEN=0",
					"JUCE_USE_DARK_SPLASH_SCREEN=1",
					"JUCE_PROJUCER_VERSION=0x60004",
					"JUCE_MODULE_AVAILABLE_juce_audio_basics=1",
					"JUCE_MODULE_AVAILABLE_juce_audio_devices=1",
					"JUCE_MODULE_AVAILABLE_juce_audio_formats=1",
					"JUCE_MODULE_AVAILABLE_juce_audio_plugin_client=1",
					"JUCE_MODULE_AVAILABLE_juce_audio_processors=1",
					"JUCE_MODULE_AVAILABLE_juce_audio_utils=1",
					"JUCE_MODULE_AVAILABLE_juce_core=1",
					"JUCE_MODULE_AVAILABLE_juce_data_structures=1",
					"JUCE_MODULE_AVAILABLE_juce_dsp=1",
					"JUCE_MODULE_AVAILABLE_juce_events=1",
					"JUCE_MODULE_AVAILABLE_juce_graphics=1",
					"JUCE_MODULE_AVAILABLE_juce_gui_basics=1",
					"JUCE_MODULE_AVAILABLE_juce_gui_extra=1",
					"JUCE_GLOBAL_MODULE_SETTINGS_INCLUDED=1",
					"JUCE_VST3_CAN_REPLACE_VST2=0",
					"JucePlugin_Enable_IAA=0",
					"JucePlugin_Name=\\\"StringModel\\\"",
					"JucePlugin_Desc=\\\"StringModel\\\"",
					"JucePlugin_Manufacturer=\\\"JUCE\\\"",
					"JucePlugin_ManufacturerWebsite=\\\"http://juce.com\\\"",
					"JucePlugin_ManufacturerEmail=\\\"\\\"",
					"JucePlugin_ManufacturerCode=0x4d616e75",
					"JucePlugin_PluginCode=0x48773973",
					"JucePlugin_IsSynth=0",
					"JucePlugin_WantsMidiInput=0",
					"JucePlugin_ProducesMidiOutput=0",
					"JucePlugin_IsMidiEffect=0",
					"JucePlugin_EditorRequiresKeyboardFocus=0",
					"JucePlugin_Version=1.0.0",
					"JucePlugin_VersionCode=0x10000",
					"JucePlugin_VersionString=\\\"1.0.0\\\"",
					"JucePlugin_VSTUniqueID=JucePlugin_PluginCode",
					"JucePlugin_VSTCategory=kPlugCategEffect",
					"JucePlugin_Vst3Category=\\\"Fx\\\"",
					"JucePlugin_AUMainType='aufx'",
					"JucePlugin_AUSubType=JucePlugin_PluginCode",
					"JucePlugin_AUExportPrefix=StringModelAU",
					"JucePlugin_AUExportPrefixQuoted=\\\"StringModelAU\\\"",
					"JucePlugin_AUManufacturerCode=JucePlugin_ManufacturerCode",
					"JucePlugin_CFBundleIdentifier=com.JUCE.StringModel",
					"JucePlugin_RTASCategory=0",
					"JucePlugin_RTASManufacturerCode=JucePlugin_ManufacturerCode",
					"JucePlugin_RTASProductId=JucePlugin_PluginCode",
					"JucePlugin_RTASDisableBypass=0",
					"JucePlugin_RTASDisableMultiMono=0",
					"JucePlugin_AAXIdentifier=com.JUCE.StringModel",
					"JucePlugin_AAXManufacturerCode=JucePlugin_ManufacturerCode",
					"JucePlugin_AAXProductId=JucePlugin_PluginCode",
					"JucePlugin_AAXCategory=0",
					"JucePlugin_AAXDisableBypass=0",
					"JucePlugin_AAXDisableMultiMono=0",
					"JucePlugin_IAAType=0x61757278",
					"JucePlugin_IAASubType=JucePlugin_PluginCode",
					"JucePlugin_IAAName=\\\"JUCE:\\ StringModel\\\"",
					"JucePlugin_VSTNumMidiInputs=16",
					"JucePlugin_VSTNumMidiOutputs=16",
					"JUCE_STANDALONE_APPLICATION=JucePlugin_Build_Standalone",
				);
				GCC_VERSION = com.apple.compilers.llvm.clang.1_0;
				HEADER_SEARCH_PATHS = (
					"$(HOME)/JUCE/modules/juce_audio_processors/format_types/VST3_SDK",
					"../../JuceLibraryCode",
					"$(HOME)/JUCE/modules",
					"$(HOME)/JUCE/modules/juce_audio_plugin_client",
					"$(inherited)",
				);
				INSTALL_PATH = "@executable_path/../Frameworks";
				LLVM_LTO = YES;
				MACOSX_DEPLOYMENT_TARGET = 10.11;
				MTL_HEADER_SEARCH_PATHS = (
					"$(HOME)/JUCE/modules/juce_audio_processors/format_types/VST3_SDK",
					"../../JuceLibraryCode",
					"$(HOME)/JUCE/modules",
					"$(HOME)/JUCE/modules/juce_audio_plugin_client",
				);
				PRODUCT_BUNDLE_IDENTIFIER = com.JUCE.StringModel;
				PRODUCT_NAME = "StringModel";
				SKIP_INSTALL = YES;
				USE_HEADERMAP = NO;
				VALID_ARCHS = "i386 x86_64 arm64 arm64e";
			};
			name = Release;
		};
		9EA20B649B882F4563DE4BDA = {
			isa = XCBuildConfiguration;
			buildSettings = {
				ALWAYS_SEARCH_USER_PATHS = NO;
				CLANG_ENABLE_OBJC_WEAK = YES;
				CLANG_WARN_BLOCK_CAPTURE_AUTORELEASING = YES;
				CLANG_WARN_BOOL_CONVERSION = YES;
				CLANG_WARN_COMMA = YES;
				CLANG_WARN_CONSTANT_CONVERSION = YES;
				CLANG_WARN_DEPRECATED_OBJC_IMPLEMENTATIONS = YES;
				CLANG_WARN_EMPTY_BODY = YES;
				CLANG_WARN_ENUM_CONVERSION = YES;
				CLANG_WARN_INFINITE_RECURSION = YES;
				CLANG_WARN_INT_CONVERSION = YES;
				CLANG_WARN_NON_LITERAL_NULL_CONVERSION = YES;
				CLANG_WARN_OBJC_IMPLICIT_RETAIN_SELF = YES;
				CLANG_WARN_OBJC_LITERAL_CONVERSION = YES;
				CLANG_WARN_RANGE_LOOP_ANALYSIS = YES;
				CLANG_WARN_STRICT_PROTOTYPES = YES;
				CLANG_WARN_SUSPICIOUS_MOVE = YES;
				CLANG_WARN_UNREACHABLE_CODE = YES;
				CLANG_WARN__DUPLICATE_METHOD_MATCH = YES;
				CODE_SIGN_IDENTITY = "";
				DEBUG_INFORMATION_FORMAT = dwarf;
				ENABLE_STRICT_OBJC_MSGSEND = YES;
				ENABLE_TESTABILITY = NO;
				GCC_C_LANGUAGE_STANDARD = c11;
				GCC_INLINES_ARE_PRIVATE_EXTERN = YES;
				GCC_MODEL_TUNING = G5;
				GCC_NO_COMMON_BLOCKS = YES;
				GCC_SYMBOLS_PRIVATE_EXTERN = YES;
				GCC_WARN_64_TO_32_BIT_CONVERSION = YES;
				GCC_WARN_ABOUT_RETURN_TYPE = YES;
				GCC_WARN_CHECK_SWITCH_STATEMENTS = YES;
				GCC_WARN_MISSING_PARENTHESES = YES;
				GCC_WARN_NON_VIRTUAL_DESTRUCTOR = YES;
				GCC_WARN_TYPECHECK_CALLS_TO_PRINTF = YES;
				GCC_WARN_UNDECLARED_SELECTOR = YES;
				GCC_WARN_UNINITIALIZED_AUTOS = YES;
				GCC_WARN_UNUSED_FUNCTION = YES;
				GCC_WARN_UNUSED_VARIABLE = YES;
				ONLY_ACTIVE_ARCH = YES;
				PRODUCT_NAME = "StringModel";
				SDKROOT = macosx;
				WARNING_CFLAGS = "-Wreorder";
				ZERO_LINK = NO;
			};
			name = Debug;
		};
		1EE4A6A49527FC86FE86368D = {
			isa = XCBuildConfiguration;
			buildSettings = {
				ALWAYS_SEARCH_USER_PATHS = NO;
				CLANG_ENABLE_OBJC_WEAK = YES;
				CLANG_WARN_BLOCK_CAPTURE_AUTORELEASING = YES;
				CLANG_WARN_BOOL_CONVERSION = YES;
				CLANG_WARN_COMMA = YES;
				CLANG_WARN_CONSTANT_CONVERSION = YES;
				CLANG_WARN_DEPRECATED_OBJC_IMPLEMENTATIONS = YES;
				CLANG_WARN_EMPTY_BODY = YES;
				CLANG_WARN_ENUM_CONVERSION = YES;
				CLANG_WARN_INFINITE_RECURSION = YES;
				CLANG_WARN_INT_CONVERSION = YES;
				CLANG_WARN_NON_LITERAL_NULL_CONVERSION = YES;
				CLANG_WARN_OBJC_IMPLICIT_RETAIN_SELF = YES;
				CLANG_WARN_OBJC_LITERAL_CONVERSION = YES;
				CLANG_WARN_RANGE_LOOP_ANALYSIS = YES;
				CLANG_WARN_STRICT_PROTOTYPES = YES;
				CLANG_WARN_SUSPICIOUS_MOVE = YES;
				CLANG_WARN_UNREACHABLE_CODE = YES;
				CLANG_WARN__DUPLICATE_METHOD_MATCH = YES;
				CODE_SIGN_IDENTITY = "";
				DEBUG_INFORMATION_FORMAT = dwarf;
				ENABLE_STRICT_OBJC_MSGSEND = YES;
				ENABLE_TESTABILITY = NO;
				GCC_C_LANGUAGE_STANDARD = c11;
				GCC_INLINES_ARE_PRIVATE_EXTERN = YES;
				GCC_MODEL_TUNING = G5;
				GCC_NO_COMMON_BLOCKS = YES;
				GCC_SYMBOLS_PRIVATE_EXTERN = YES;
				GCC_WARN_64_TO_32_BIT_CONVERSION = YES;
				GCC_WARN_ABOUT_RETURN_TYPE = YES;
				GCC_WARN_CHECK_SWITCH_STATEMENTS = YES;
				GCC_WARN_MISSING_PARENTHESES = YES;
				GCC_WARN_NON_VIRTUAL_DESTRUCTOR = YES;
				GCC_WARN_TYPECHECK_CALLS_TO_PRINTF = YES;
				GCC_WARN_UNDECLARED_SELECTOR = YES;
				GCC_WARN_UNINITIALIZED_AUTOS = YES;
				GCC_WARN_UNUSED_FUNCTION = YES;
				GCC_WARN_UNUSED_VARIABLE = YES;
				PRODUCT_NAME = "StringModel";
				SDKROOT = macosx;
				WARNING_CFLAGS = "-Wreorder";
				ZERO_LINK = NO;
			};
			name = Release;
		};
		21DF2089A97B518292927A1A = {
			isa = XCConfigurationList;
			buildConfigurations = (
				9EA20B649B882F4563DE4BDA,
				1EE4A6A49527FC86FE86368D,
			);
			defaultConfigurationIsVisible = 0;
			defaultConfigurationName = Debug;
		};
		E98DDBF096539C5118D639ED = {
			isa = XCConfigurationList;
			buildConfigurations = (
				0A07BDE01545FB31ADFB021E,
				B81718056091E33A2556818A,
			);
			defaultConfigurationIsVisible = 0;
			defaultConfigurationName = Debug;
		};
		676F96F759071A1620307013 = {
			isa = PBXAggregateTarget;
			buildConfigurationList = E98DDBF096539C5118D639ED;
			buildPhases = ( );
			buildRules = ( );
			dependencies = (
				4BA0D743F98E2D39FF86E6D7,
				1776DF2BFDF47227D61513B4,
				47EAD9D72312089202D935A2,
				28585A3444394C478F13B23D,
			);
			name = "StringModel - All";
			productName = StringModel;
		};
		AB15C2CDABCEE6D46F17994D = {
			isa = XCConfigurationList;
			buildConfigurations = (
				FA0B7ED50D52016E3B7DFF33,
				28BC2C9E7D568327835F4D9A,
			);
			defaultConfigurationIsVisible = 0;
			defaultConfigurationName = Debug;
		};
		F798DDF8A4DE897BBEAD46B4 = {
			isa = PBXResourcesBuildPhase;
			buildActionMask = 2147483647;
			files = (
				25D9FC265A0E3885656DACC9,
			);
			runOnlyForDeploymentPostprocessing = 0;
		};
		BC169BA19E30FDEAC21943F2 = {
			isa = PBXSourcesBuildPhase;
			buildActionMask = 2147483647;
			files = (
				AC1C8B397563301457087456,
			);
			runOnlyForDeploymentPostprocessing = 0;
		};
		ED7DA4B4078A369F0375B90A = {
			isa = PBXFrameworksBuildPhase;
			buildActionMask = 2147483647;
			files = (
				84A211BB99801BDD93FF0A88,
				B3CA3759B298A16DAF22CCC9,
				3849E629EF32B831EE1173DF,
				330DBDCFCD7B08374B969F3C,
				709A867EE0039C5F03E882AB,
				933113EA5B56482F717EF4FB,
				7C60E90CA9C0673AB4C72891,
				4C33F39DD6AFC37882532362,
				E257F60E8C6B1259A8131220,
				54B9337BEE40DCB7F64FCEED,
				035B47457BA2FA19F29D3051,
			);
			runOnlyForDeploymentPostprocessing = 0;
		};
		0E8993CB7050CF62FA307E72 = {
			isa = PBXNativeTarget;
			buildConfigurationList = AB15C2CDABCEE6D46F17994D;
			buildPhases = (
				F798DDF8A4DE897BBEAD46B4,
				BC169BA19E30FDEAC21943F2,
				ED7DA4B4078A369F0375B90A,
			);
			buildRules = ( );
			dependencies = (
				185BE233D5A385901680C5A2,
			);
			name = "StringModel - VST3";
			productName = StringModel;
			productReference = 9D16ECC8BE82DEB985948EE9;
			productType = "com.apple.product-type.bundle";
		};
		A9DED202521D104F79E5AB2D = {
			isa = XCConfigurationList;
			buildConfigurations = (
				5E26B4B898425125A3EE3674,
				736AA7C3AED0CF71AD26E1A2,
			);
			defaultConfigurationIsVisible = 0;
			defaultConfigurationName = Debug;
		};
		74CFE04DE9B1212C8A10528C = {
			isa = PBXResourcesBuildPhase;
			buildActionMask = 2147483647;
			files = (
				25D9FC265A0E3885656DACC9,
			);
			runOnlyForDeploymentPostprocessing = 0;
		};
		C1DD0E8DAAE6D8535CD0B3D2 = {
			isa = PBXRezBuildPhase;
			buildActionMask = 2147483647;
			files = (
				195AA8EB848BCC7AB5D4B1E5,
			);
			runOnlyForDeploymentPostprocessing = 0;
		};
		0F77C3924A961A3CA3700301 = {
			isa = PBXSourcesBuildPhase;
			buildActionMask = 2147483647;
			files = (
				357994D751EFA5EF0C50BA06,
				F5A6F20A0F8E5181B5ACA106,
			);
			runOnlyForDeploymentPostprocessing = 0;
		};
		6CCB831E125519E809F76DE6 = {
			isa = PBXFrameworksBuildPhase;
			buildActionMask = 2147483647;
			files = (
				B6BF39D28335E6415824CC80,
				84A211BB99801BDD93FF0A88,
				B3CA3759B298A16DAF22CCC9,
				3849E629EF32B831EE1173DF,
				330DBDCFCD7B08374B969F3C,
				709A867EE0039C5F03E882AB,
				933113EA5B56482F717EF4FB,
				7C60E90CA9C0673AB4C72891,
				4C33F39DD6AFC37882532362,
				E257F60E8C6B1259A8131220,
				54B9337BEE40DCB7F64FCEED,
				035B47457BA2FA19F29D3051,
			);
			runOnlyForDeploymentPostprocessing = 0;
		};
		A4A5907905ECD3F9996C2E38 = {
			isa = PBXNativeTarget;
			buildConfigurationList = A9DED202521D104F79E5AB2D;
			buildPhases = (
				74CFE04DE9B1212C8A10528C,
				C1DD0E8DAAE6D8535CD0B3D2,
				0F77C3924A961A3CA3700301,
				6CCB831E125519E809F76DE6,
			);
			buildRules = ( );
			dependencies = (
				2EFA498C68B83E2EA3FB4D6B,
			);
			name = "StringModel - AU";
			productName = StringModel;
			productReference = 3C7C283F5250C612283E388E;
			productType = "com.apple.product-type.bundle";
		};
		DB283F64FC1F7840889DD01D = {
			isa = XCConfigurationList;
			buildConfigurations = (
				64EF4E44281C0AA32BDDF551,
				7E30175405CFC2573B72654E,
			);
			defaultConfigurationIsVisible = 0;
			defaultConfigurationName = Debug;
		};
		AD5BECF4815E890B18A88017 = {
			isa = PBXResourcesBuildPhase;
			buildActionMask = 2147483647;
			files = (
				25D9FC265A0E3885656DACC9,
			);
			runOnlyForDeploymentPostprocessing = 0;
		};
		FF990403685FF7E975C0F0EE = {
			isa = PBXSourcesBuildPhase;
			buildActionMask = 2147483647;
			files = (
				4167D48566A4E9E17F27C233,
			);
			runOnlyForDeploymentPostprocessing = 0;
		};
		45BFF05F83EE37C2B6597077 = {
			isa = PBXFrameworksBuildPhase;
			buildActionMask = 2147483647;
			files = (
				84A211BB99801BDD93FF0A88,
				B3CA3759B298A16DAF22CCC9,
				3849E629EF32B831EE1173DF,
				330DBDCFCD7B08374B969F3C,
				709A867EE0039C5F03E882AB,
				933113EA5B56482F717EF4FB,
				7C60E90CA9C0673AB4C72891,
				4C33F39DD6AFC37882532362,
				E257F60E8C6B1259A8131220,
				54B9337BEE40DCB7F64FCEED,
				035B47457BA2FA19F29D3051,
			);
			runOnlyForDeploymentPostprocessing = 0;
		};
		C52434D1BE4724AC956E71FC = {
			isa = PBXNativeTarget;
			buildConfigurationList = DB283F64FC1F7840889DD01D;
			buildPhases = (
				AD5BECF4815E890B18A88017,
				FF990403685FF7E975C0F0EE,
				45BFF05F83EE37C2B6597077,
			);
			buildRules = ( );
			dependencies = (
				ECA77B3F5CED2C5C27B86D29,
			);
			name = "StringModel - Standalone Plugin";
			productName = StringModel;
			productReference = 97B243D6606A0EAE98CADEA2;
			productType = "com.apple.product-type.application";
		};
		548514A52573AEC2456C18BB = {
			isa = XCConfigurationList;
			buildConfigurations = (
				0E311233E2A761C00CAA3CD7,
				58BF41C0889D1A4C6625B999,
			);
			defaultConfigurationIsVisible = 0;
			defaultConfigurationName = Debug;
		};
		AECC469CFEF41E646ABF9BEE = {
			isa = PBXSourcesBuildPhase;
			buildActionMask = 2147483647;
			files = (
				8CB55536F13D15E47E337BD0,
				93F3588F310D02F72D260528,
				2449E33914AA4F23B8EB04B8,
				836BB39EE94CA879B3F069C3,
				72C1AC05C26C2B2921D4B361,
				0B464D093FB1846D4334D8F0,
				BE9063CB6D8DCDFDE90EB8BD,
				83EDC4D10E4F06B48452A809,
				A7CB0D45BE3FB55C5B40C1EC,
				574E47B6D5A664CC24E60EB0,
				09EA28AEFD6A5025E6BCB761,
				0F370AD65987D31011BB7611,
				AD789B505B5D2C7EADD84ECD,
				5C13DDA23174053D6C9C3455,
				AA635AFEBDEE34222D877013,
			);
			runOnlyForDeploymentPostprocessing = 0;
		};
		9C2EC1B54367615E6E16AB7E = {
			isa = PBXNativeTarget;
			buildConfigurationList = 548514A52573AEC2456C18BB;
			buildPhases = (
				AECC469CFEF41E646ABF9BEE,
			);
			buildRules = ( );
			dependencies = ( );
			name = "StringModel - Shared Code";
			productName = StringModel;
			productReference = 1ECDFA6884ECC72DD1463A9D;
			productType = "com.apple.product-type.library.static";
		};
		98DD2FDF45C465296FDC9168 = {
			isa = PBXProject;
			buildConfigurationList = 21DF2089A97B518292927A1A;
			attributes = { LastUpgradeCheck = 1200; ORGANIZATIONNAME = "JUCE"; TargetAttributes = { 676F96F759071A1620307013 = { SystemCapabilities = {com.apple.ApplicationGroups.iOS = { enabled = 0; }; com.apple.InAppPurchase = { enabled = 0; }; com.apple.InterAppAudio = { enabled = 0; }; com.apple.Push = { enabled = 0; }; com.apple.Sandbox = { enabled = 0; }; com.apple.HardenedRuntime = { enabled = 0; }; }; };0E8993CB7050CF62FA307E72 = { SystemCapabilities = {com.apple.ApplicationGroups.iOS = { enabled = 0; }; com.apple.InAppPurchase = { enabled = 0; }; com.apple.InterAppAudio = { enabled = 0; }; com.apple.Push = { enabled = 0; }; com.apple.Sandbox = { enabled = 0; }; com.apple.HardenedRuntime = { enabled = 0; }; }; };A4A5907905ECD3F9996C2E38 = { SystemCapabilities = {com.apple.ApplicationGroups.iOS = { enabled = 0; }; com.apple.InAppPurchase = { enabled = 0; }; com.apple.InterAppAudio = { enabled = 0; }; com.apple.Push = { enabled = 0; }; com.apple.Sandbox = { enabled = 0; }; com.apple.HardenedRuntime = { enabled = 0; }; }; };C52434D1BE4724AC956E71FC = { SystemCapabilities = {com.apple.ApplicationGroups.iOS = { enabled = 0; }; com.apple.InAppPurchase = { enabled = 0; }; com.apple.InterAppAudio = { enabled = 0; }; com.apple.Push = { enabled = 0; }; com.apple.Sandbox = { enabled = 0; }; com.apple.HardenedRuntime = { enabled = 0; }; }; };9C2EC1B54367615E6E16AB7E = { SystemCapabilities = {com.apple.ApplicationGroups.iOS = { enabled = 0; }; com.apple.InAppPurchase = { enabled = 0; }; com.apple.InterAppAudio = { enabled = 0; }; com.apple.Push = { enabled = 0; }; com.apple.Sandbox = { enabled = 0; }; com.apple.HardenedRuntime = { enabled = 0; }; }; }; }; };
			compatibilityVersion = "Xcode 3.2";
			hasScannedForEncodings = 0;
			mainGroup = D2C811A5BEB0A4EFCA05D993;
			projectDirPath = "";
			projectRoot = "";
			targets = (676F96F759071A1620307013, 0E8993CB7050CF62FA307E72, A4A5907905ECD3F9996C2E38, C52434D1BE4724AC956E71FC, 9C2EC1B54367615E6E16AB7E);
			knownRegions = (en, Base);
		};
	};
	rootObject = 98DD2FDF45C465296FDC9168;
}
